Microsoft Visual Studio Solution File, Format Version 12.00
# Visual Studio 15
VisualStudioVersion = 15.0.27130.2010
MinimumVisualStudioVersion = 10.0.40219.1
Project("{FAE04EC0-301F-11D3-BF4B-00C04F79EFBC}") = "Addresses.ZipCodes.ApiController", "Addresses.ZipCodes.ApiController\Addresses.ZipCodes.ApiController.csproj", "{82637925-8263-7925-8263-792582637925}"
EndProject
Global
	GlobalSection(SolutionConfigurationPlatforms) = preSolution
		Debug|Any CPU = Debug|Any CPU
		Release|Any CPU = Release|Any CPU
	EndGlobalSection
	GlobalSection(ProjectConfigurationPlatforms) = postSolution
		{82637925-8263-7925-8263-792582637925}.Debug|Any CPU.ActiveCfg = Debug|Any CPU
		{82637925-8263-7925-8263-792582637925}.Debug|Any CPU.Build.0 = Debug|Any CPU
		{82637925-8263-7925-8263-792582637925}.Release|Any CPU.ActiveCfg = Release|Any CPU
		{82637925-8263-7925-8263-792582637925}.Release|Any CPU.Build.0 = Release|Any CPU
	EndGlobalSection
	GlobalSection(SolutionProperties) = preSolution
		HideSolutionNode = FALSE
	EndGlobalSection
	GlobalSection(ExtensibilityGlobals) = preSolution
		SolutionGuid = {CB9B8FD4-CB9B-8FD4-CB9B-8FD4CB9B8FD4}
	EndGlobalSection
EndGlobal

